{
  "pins" : [
    {
      "identity" : "llama.cpp",
      "kind" : "remoteSourceControl",
      "location" : "https://github.com/ggerganov/llama.cpp/",
      "state" : {
        "branch" : "master",
        "revision" : "b6d6c5289f1c9c677657c380591201ddb210b649"
      }
    }
  ],
  "version" : 2
}
