{
  "originHash" : "4147b2e59ebaa031b08f72081f8a69f6e080070da4672d9d65dba0cae07a990f",
  "pins" : [
    {
      "identity" : "llama.cpp",
      "kind" : "remoteSourceControl",
      "location" : "https://github.com/ggerganov/llama.cpp.git",
      "state" : {
        "branch" : "master",
        "revision" : "a2ac89d6efb41b535778bfeaecaae8fe295b6ed3"
      }
    }
  ],
  "version" : 3
}
