{
  "originHash" : "eef1cfe3b9bb7d33eb1a66d289c8b0c6dd5cf9d0ecb02a73d23eda46baa6f9ea",
  "pins" : [
    {
      "identity" : "llama.cpp",
      "kind" : "remoteSourceControl",
      "location" : "https://github.com/ggerganov/llama.cpp.git",
      "state" : {
        "revision" : "b6d6c5289f1c9c677657c380591201ddb210b649"
      }
    }
  ],
  "version" : 3
}
